
Microsoft Visual Studio Solution File, Format Version 12.00
# Visual Studio 15
VisualStudioVersion = 15.0.28010.2048
MinimumVisualStudioVersion = 10.0.40219.1
Project("{9A19103F-16F7-4668-BE54-9A1E7A4F7556}") = "Task_01", "Task_01\Task_01.csproj", "{FD291AEB-D506-4986-8E20-1229AC77108A}"
EndProject
Project("{9A19103F-16F7-4668-BE54-9A1E7A4F7556}") = "Task_02", "Task_02\Task_02.csproj", "{6E72327E-C3D0-4029-A83A-03C0CD1C1AC3}"
EndProject
Project("{FAE04EC0-301F-11D3-BF4B-00C04F79EFBC}") = "Task_03", "Task_03\Task_03.csproj", "{52565598-71A1-4244-ADA5-A65AA2B4E79C}"
EndProject
Project("{FAE04EC0-301F-11D3-BF4B-00C04F79EFBC}") = "Task_04", "Task_04\Task_04.csproj", "{F8369BD8-3529-4814-ACD1-04E0F1D8214F}"
EndProject
Project("{FAE04EC0-301F-11D3-BF4B-00C04F79EFBC}") = "Task_05", "Task_05\Task_05.csproj", "{360A5D1A-9841-4E61-9595-9E434F3A6A7E}"
EndProject
Project("{FAE04EC0-301F-11D3-BF4B-00C04F79EFBC}") = "Task_06", "Task_06\Task_06.csproj", "{32734410-A84D-4D06-A418-0EBF39B20792}"
EndProject
Project("{FAE04EC0-301F-11D3-BF4B-00C04F79EFBC}") = "Task_07", "Task_07\Task_07.csproj", "{71E3705F-5D55-474C-9A76-2392A3EE90DA}"
EndProject
Project("{FAE04EC0-301F-11D3-BF4B-00C04F79EFBC}") = "Task_08", "Task_08\Task_08.csproj", "{ACC1C362-CB83-45BA-855E-418C3883DC8B}"
EndProject
Project("{FAE04EC0-301F-11D3-BF4B-00C04F79EFBC}") = "Task_09", "Task_09\Task_09.csproj", "{6E9BF6BA-1211-4126-AAE8-1E5BAB8950E4}"
EndProject
Project("{FAE04EC0-301F-11D3-BF4B-00C04F79EFBC}") = "Task_10", "Task_10\Task_10.csproj", "{7BD6545A-9256-45BF-A259-113D009010D2}"
EndProject
Project("{FAE04EC0-301F-11D3-BF4B-00C04F79EFBC}") = "Task_11", "Task_11\Task_11.csproj", "{33295F38-BC0C-4419-A87A-BF283A91E64E}"
EndProject
Project("{FAE04EC0-301F-11D3-BF4B-00C04F79EFBC}") = "Task_12", "Task_12\Task_12.csproj", "{D87C2FF6-FE22-4A03-9277-44C5E30ED7AA}"
EndProject
Project("{FAE04EC0-301F-11D3-BF4B-00C04F79EFBC}") = "Task_13", "Task_13\Task_13.csproj", "{6A81BAA7-9F78-4F03-8156-295375603CED}"
EndProject
Project("{FAE04EC0-301F-11D3-BF4B-00C04F79EFBC}") = "Task_14", "Task_14\Task_14.csproj", "{9D07CD0D-A771-497C-808E-9CEDE3E5D799}"
EndProject
Project("{FAE04EC0-301F-11D3-BF4B-00C04F79EFBC}") = "Task_15", "Task_15\Task_15.csproj", "{5E107013-4AFE-44E8-B336-18F9F4E76254}"
EndProject
Project("{FAE04EC0-301F-11D3-BF4B-00C04F79EFBC}") = "Task_16", "Task_16\Task_16.csproj", "{E0F979EF-1719-4ED1-95FB-8158F08CC87C}"
EndProject
Project("{FAE04EC0-301F-11D3-BF4B-00C04F79EFBC}") = "Task_17", "Task_17\Task_17.csproj", "{945A8763-26B0-4DF9-8DE2-1B39CB916AC4}"
EndProject
Project("{FAE04EC0-301F-11D3-BF4B-00C04F79EFBC}") = "Task_18", "Task_18\Task_18.csproj", "{15A6B757-D49A-4377-9C13-55340BA2FE83}"
EndProject
Project("{FAE04EC0-301F-11D3-BF4B-00C04F79EFBC}") = "Task_19", "Task_19\Task_19.csproj", "{50F8DF94-05F8-4852-B35C-0B3A52BF87B1}"
EndProject
Project("{FAE04EC0-301F-11D3-BF4B-00C04F79EFBC}") = "Task_20", "Task_20\Task_20.csproj", "{E90C1B0D-2F94-4D8B-A6C8-2C18ED02296A}"
EndProject
Project("{FAE04EC0-301F-11D3-BF4B-00C04F79EFBC}") = "Task_21", "Task_21\Task_21.csproj", "{E6DD2781-F62C-47C9-ADE6-55005F8FCD7C}"
EndProject
Project("{FAE04EC0-301F-11D3-BF4B-00C04F79EFBC}") = "Task_22", "Task_22\Task_22.csproj", "{67351731-FD13-4425-A9D2-1DCA84CCB152}"
EndProject
Project("{FAE04EC0-301F-11D3-BF4B-00C04F79EFBC}") = "Task_23", "Task_23\Task_23.csproj", "{ADE342DD-D7CA-46C0-9565-29CC8AA94242}"
EndProject
Global
	GlobalSection(SolutionConfigurationPlatforms) = preSolution
		Debug|Any CPU = Debug|Any CPU
		Release|Any CPU = Release|Any CPU
	EndGlobalSection
	GlobalSection(ProjectConfigurationPlatforms) = postSolution
		{FD291AEB-D506-4986-8E20-1229AC77108A}.Debug|Any CPU.ActiveCfg = Debug|Any CPU
		{FD291AEB-D506-4986-8E20-1229AC77108A}.Debug|Any CPU.Build.0 = Debug|Any CPU
		{FD291AEB-D506-4986-8E20-1229AC77108A}.Release|Any CPU.ActiveCfg = Release|Any CPU
		{FD291AEB-D506-4986-8E20-1229AC77108A}.Release|Any CPU.Build.0 = Release|Any CPU
		{6E72327E-C3D0-4029-A83A-03C0CD1C1AC3}.Debug|Any CPU.ActiveCfg = Debug|Any CPU
		{6E72327E-C3D0-4029-A83A-03C0CD1C1AC3}.Debug|Any CPU.Build.0 = Debug|Any CPU
		{6E72327E-C3D0-4029-A83A-03C0CD1C1AC3}.Release|Any CPU.ActiveCfg = Release|Any CPU
		{6E72327E-C3D0-4029-A83A-03C0CD1C1AC3}.Release|Any CPU.Build.0 = Release|Any CPU
		{52565598-71A1-4244-ADA5-A65AA2B4E79C}.Debug|Any CPU.ActiveCfg = Debug|Any CPU
		{52565598-71A1-4244-ADA5-A65AA2B4E79C}.Debug|Any CPU.Build.0 = Debug|Any CPU
		{52565598-71A1-4244-ADA5-A65AA2B4E79C}.Release|Any CPU.ActiveCfg = Release|Any CPU
		{52565598-71A1-4244-ADA5-A65AA2B4E79C}.Release|Any CPU.Build.0 = Release|Any CPU
		{F8369BD8-3529-4814-ACD1-04E0F1D8214F}.Debug|Any CPU.ActiveCfg = Debug|Any CPU
		{F8369BD8-3529-4814-ACD1-04E0F1D8214F}.Debug|Any CPU.Build.0 = Debug|Any CPU
		{F8369BD8-3529-4814-ACD1-04E0F1D8214F}.Release|Any CPU.ActiveCfg = Release|Any CPU
		{F8369BD8-3529-4814-ACD1-04E0F1D8214F}.Release|Any CPU.Build.0 = Release|Any CPU
		{360A5D1A-9841-4E61-9595-9E434F3A6A7E}.Debug|Any CPU.ActiveCfg = Debug|Any CPU
		{360A5D1A-9841-4E61-9595-9E434F3A6A7E}.Debug|Any CPU.Build.0 = Debug|Any CPU
		{360A5D1A-9841-4E61-9595-9E434F3A6A7E}.Release|Any CPU.ActiveCfg = Release|Any CPU
		{360A5D1A-9841-4E61-9595-9E434F3A6A7E}.Release|Any CPU.Build.0 = Release|Any CPU
		{32734410-A84D-4D06-A418-0EBF39B20792}.Debug|Any CPU.ActiveCfg = Debug|Any CPU
		{32734410-A84D-4D06-A418-0EBF39B20792}.Debug|Any CPU.Build.0 = Debug|Any CPU
		{32734410-A84D-4D06-A418-0EBF39B20792}.Release|Any CPU.ActiveCfg = Release|Any CPU
		{32734410-A84D-4D06-A418-0EBF39B20792}.Release|Any CPU.Build.0 = Release|Any CPU
		{71E3705F-5D55-474C-9A76-2392A3EE90DA}.Debug|Any CPU.ActiveCfg = Debug|Any CPU
		{71E3705F-5D55-474C-9A76-2392A3EE90DA}.Debug|Any CPU.Build.0 = Debug|Any CPU
		{71E3705F-5D55-474C-9A76-2392A3EE90DA}.Release|Any CPU.ActiveCfg = Release|Any CPU
		{71E3705F-5D55-474C-9A76-2392A3EE90DA}.Release|Any CPU.Build.0 = Release|Any CPU
		{ACC1C362-CB83-45BA-855E-418C3883DC8B}.Debug|Any CPU.ActiveCfg = Debug|Any CPU
		{ACC1C362-CB83-45BA-855E-418C3883DC8B}.Debug|Any CPU.Build.0 = Debug|Any CPU
		{ACC1C362-CB83-45BA-855E-418C3883DC8B}.Release|Any CPU.ActiveCfg = Release|Any CPU
		{ACC1C362-CB83-45BA-855E-418C3883DC8B}.Release|Any CPU.Build.0 = Release|Any CPU
		{6E9BF6BA-1211-4126-AAE8-1E5BAB8950E4}.Debug|Any CPU.ActiveCfg = Debug|Any CPU
		{6E9BF6BA-1211-4126-AAE8-1E5BAB8950E4}.Debug|Any CPU.Build.0 = Debug|Any CPU
		{6E9BF6BA-1211-4126-AAE8-1E5BAB8950E4}.Release|Any CPU.ActiveCfg = Release|Any CPU
		{6E9BF6BA-1211-4126-AAE8-1E5BAB8950E4}.Release|Any CPU.Build.0 = Release|Any CPU
		{7BD6545A-9256-45BF-A259-113D009010D2}.Debug|Any CPU.ActiveCfg = Debug|Any CPU
		{7BD6545A-9256-45BF-A259-113D009010D2}.Debug|Any CPU.Build.0 = Debug|Any CPU
		{7BD6545A-9256-45BF-A259-113D009010D2}.Release|Any CPU.ActiveCfg = Release|Any CPU
		{7BD6545A-9256-45BF-A259-113D009010D2}.Release|Any CPU.Build.0 = Release|Any CPU
		{33295F38-BC0C-4419-A87A-BF283A91E64E}.Debug|Any CPU.ActiveCfg = Debug|Any CPU
		{33295F38-BC0C-4419-A87A-BF283A91E64E}.Debug|Any CPU.Build.0 = Debug|Any CPU
		{33295F38-BC0C-4419-A87A-BF283A91E64E}.Release|Any CPU.ActiveCfg = Release|Any CPU
		{33295F38-BC0C-4419-A87A-BF283A91E64E}.Release|Any CPU.Build.0 = Release|Any CPU
		{D87C2FF6-FE22-4A03-9277-44C5E30ED7AA}.Debug|Any CPU.ActiveCfg = Debug|Any CPU
		{D87C2FF6-FE22-4A03-9277-44C5E30ED7AA}.Debug|Any CPU.Build.0 = Debug|Any CPU
		{D87C2FF6-FE22-4A03-9277-44C5E30ED7AA}.Release|Any CPU.ActiveCfg = Release|Any CPU
		{D87C2FF6-FE22-4A03-9277-44C5E30ED7AA}.Release|Any CPU.Build.0 = Release|Any CPU
		{6A81BAA7-9F78-4F03-8156-295375603CED}.Debug|Any CPU.ActiveCfg = Debug|Any CPU
		{6A81BAA7-9F78-4F03-8156-295375603CED}.Debug|Any CPU.Build.0 = Debug|Any CPU
		{6A81BAA7-9F78-4F03-8156-295375603CED}.Release|Any CPU.ActiveCfg = Release|Any CPU
		{6A81BAA7-9F78-4F03-8156-295375603CED}.Release|Any CPU.Build.0 = Release|Any CPU
		{9D07CD0D-A771-497C-808E-9CEDE3E5D799}.Debug|Any CPU.ActiveCfg = Debug|Any CPU
		{9D07CD0D-A771-497C-808E-9CEDE3E5D799}.Debug|Any CPU.Build.0 = Debug|Any CPU
		{9D07CD0D-A771-497C-808E-9CEDE3E5D799}.Release|Any CPU.ActiveCfg = Release|Any CPU
		{9D07CD0D-A771-497C-808E-9CEDE3E5D799}.Release|Any CPU.Build.0 = Release|Any CPU
		{5E107013-4AFE-44E8-B336-18F9F4E76254}.Debug|Any CPU.ActiveCfg = Debug|Any CPU
		{5E107013-4AFE-44E8-B336-18F9F4E76254}.Debug|Any CPU.Build.0 = Debug|Any CPU
		{5E107013-4AFE-44E8-B336-18F9F4E76254}.Release|Any CPU.ActiveCfg = Release|Any CPU
		{5E107013-4AFE-44E8-B336-18F9F4E76254}.Release|Any CPU.Build.0 = Release|Any CPU
		{E0F979EF-1719-4ED1-95FB-8158F08CC87C}.Debug|Any CPU.ActiveCfg = Debug|Any CPU
		{E0F979EF-1719-4ED1-95FB-8158F08CC87C}.Debug|Any CPU.Build.0 = Debug|Any CPU
		{E0F979EF-1719-4ED1-95FB-8158F08CC87C}.Release|Any CPU.ActiveCfg = Release|Any CPU
		{E0F979EF-1719-4ED1-95FB-8158F08CC87C}.Release|Any CPU.Build.0 = Release|Any CPU
		{945A8763-26B0-4DF9-8DE2-1B39CB916AC4}.Debug|Any CPU.ActiveCfg = Debug|Any CPU
		{945A8763-26B0-4DF9-8DE2-1B39CB916AC4}.Debug|Any CPU.Build.0 = Debug|Any CPU
		{945A8763-26B0-4DF9-8DE2-1B39CB916AC4}.Release|Any CPU.ActiveCfg = Release|Any CPU
		{945A8763-26B0-4DF9-8DE2-1B39CB916AC4}.Release|Any CPU.Build.0 = Release|Any CPU
		{15A6B757-D49A-4377-9C13-55340BA2FE83}.Debug|Any CPU.ActiveCfg = Debug|Any CPU
		{15A6B757-D49A-4377-9C13-55340BA2FE83}.Debug|Any CPU.Build.0 = Debug|Any CPU
		{15A6B757-D49A-4377-9C13-55340BA2FE83}.Release|Any CPU.ActiveCfg = Release|Any CPU
		{15A6B757-D49A-4377-9C13-55340BA2FE83}.Release|Any CPU.Build.0 = Release|Any CPU
		{50F8DF94-05F8-4852-B35C-0B3A52BF87B1}.Debug|Any CPU.ActiveCfg = Debug|Any CPU
		{50F8DF94-05F8-4852-B35C-0B3A52BF87B1}.Debug|Any CPU.Build.0 = Debug|Any CPU
		{50F8DF94-05F8-4852-B35C-0B3A52BF87B1}.Release|Any CPU.ActiveCfg = Release|Any CPU
		{50F8DF94-05F8-4852-B35C-0B3A52BF87B1}.Release|Any CPU.Build.0 = Release|Any CPU
		{E90C1B0D-2F94-4D8B-A6C8-2C18ED02296A}.Debug|Any CPU.ActiveCfg = Debug|Any CPU
		{E90C1B0D-2F94-4D8B-A6C8-2C18ED02296A}.Debug|Any CPU.Build.0 = Debug|Any CPU
		{E90C1B0D-2F94-4D8B-A6C8-2C18ED02296A}.Release|Any CPU.ActiveCfg = Release|Any CPU
		{E90C1B0D-2F94-4D8B-A6C8-2C18ED02296A}.Release|Any CPU.Build.0 = Release|Any CPU
		{E6DD2781-F62C-47C9-ADE6-55005F8FCD7C}.Debug|Any CPU.ActiveCfg = Debug|Any CPU
		{E6DD2781-F62C-47C9-ADE6-55005F8FCD7C}.Debug|Any CPU.Build.0 = Debug|Any CPU
		{E6DD2781-F62C-47C9-ADE6-55005F8FCD7C}.Release|Any CPU.ActiveCfg = Release|Any CPU
		{E6DD2781-F62C-47C9-ADE6-55005F8FCD7C}.Release|Any CPU.Build.0 = Release|Any CPU
		{67351731-FD13-4425-A9D2-1DCA84CCB152}.Debug|Any CPU.ActiveCfg = Debug|Any CPU
		{67351731-FD13-4425-A9D2-1DCA84CCB152}.Debug|Any CPU.Build.0 = Debug|Any CPU
		{67351731-FD13-4425-A9D2-1DCA84CCB152}.Release|Any CPU.ActiveCfg = Release|Any CPU
		{67351731-FD13-4425-A9D2-1DCA84CCB152}.Release|Any CPU.Build.0 = Release|Any CPU
		{ADE342DD-D7CA-46C0-9565-29CC8AA94242}.Debug|Any CPU.ActiveCfg = Debug|Any CPU
		{ADE342DD-D7CA-46C0-9565-29CC8AA94242}.Debug|Any CPU.Build.0 = Debug|Any CPU
		{ADE342DD-D7CA-46C0-9565-29CC8AA94242}.Release|Any CPU.ActiveCfg = Release|Any CPU
		{ADE342DD-D7CA-46C0-9565-29CC8AA94242}.Release|Any CPU.Build.0 = Release|Any CPU
	EndGlobalSection
	GlobalSection(SolutionProperties) = preSolution
		HideSolutionNode = FALSE
	EndGlobalSection
	GlobalSection(ExtensibilityGlobals) = postSolution
		SolutionGuid = {FF5820E1-0FDB-4461-8436-DCDE3BE25A78}
	EndGlobalSection
EndGlobal
